
Microsoft Visual Studio Solution File, Format Version 12.00
# Visual Studio Version 17
VisualStudioVersion = 17.8.34330.188
MinimumVisualStudioVersion = 10.0.40219.1
Project("{FAE04EC0-301F-11D3-BF4B-00C04F79EFBC}") = "DocPlanner.API", "DocPlanner.API\DocPlanner.API.csproj", "{800BB558-093C-4107-A44D-D121DA2E0BF3}"
EndProject
Project("{FAE04EC0-301F-11D3-BF4B-00C04F79EFBC}") = "DocPlanner.Test", "DocPlanner.Test\DocPlanner.Test.csproj", "{D422D425-31BD-49D7-A028-885F565A0F8A}"
EndProject
Project("{2150E333-8FDC-42A3-9474-1A3956D46DE8}") = "SolutionItems", "SolutionItems", "{B566D131-BA62-4D3A-A796-1F015068407E}"
	ProjectSection(SolutionItems) = preProject
		ReadMeBasic.md = ReadMeBasic.md
		ReadMeDetailed.md = ReadMeDetailed.md
	EndProjectSection
EndProject
Global
	GlobalSection(SolutionConfigurationPlatforms) = preSolution
		Debug|Any CPU = Debug|Any CPU
		Release|Any CPU = Release|Any CPU
	EndGlobalSection
	GlobalSection(ProjectConfigurationPlatforms) = postSolution
		{800BB558-093C-4107-A44D-D121DA2E0BF3}.Debug|Any CPU.ActiveCfg = Debug|Any CPU
		{800BB558-093C-4107-A44D-D121DA2E0BF3}.Debug|Any CPU.Build.0 = Debug|Any CPU
		{800BB558-093C-4107-A44D-D121DA2E0BF3}.Release|Any CPU.ActiveCfg = Release|Any CPU
		{800BB558-093C-4107-A44D-D121DA2E0BF3}.Release|Any CPU.Build.0 = Release|Any CPU
		{D422D425-31BD-49D7-A028-885F565A0F8A}.Debug|Any CPU.ActiveCfg = Debug|Any CPU
		{D422D425-31BD-49D7-A028-885F565A0F8A}.Debug|Any CPU.Build.0 = Debug|Any CPU
		{D422D425-31BD-49D7-A028-885F565A0F8A}.Release|Any CPU.ActiveCfg = Release|Any CPU
		{D422D425-31BD-49D7-A028-885F565A0F8A}.Release|Any CPU.Build.0 = Release|Any CPU
	EndGlobalSection
	GlobalSection(SolutionProperties) = preSolution
		HideSolutionNode = FALSE
	EndGlobalSection
	GlobalSection(ExtensibilityGlobals) = postSolution
		SolutionGuid = {952A7088-D6BA-4E99-91FC-9D31113CDE5E}
	EndGlobalSection
EndGlobal
